{
  "originHash" : "06ab7fd173322f475cc56a14b9f2f1c1de1b87579e96098c07d376ee9fe65cc9",
  "pins" : [
    {
      "identity" : "aexml",
      "kind" : "remoteSourceControl",
      "location" : "https://github.com/tadija/AEXML.git",
      "state" : {
        "revision" : "38f7d00b23ecd891e1ee656fa6aeebd6ba04ecc3",
        "version" : "4.6.1"
      }
    },
    {
      "identity" : "codablewrapper",
      "kind" : "remoteSourceControl",
      "location" : "https://github.com/winddpan/CodableWrapper.git",
      "state" : {
        "revision" : "80707b3e69831ad07289e98d62ebf09bff8e9896",
        "version" : "1.0.3"
      }
    },
    {
      "identity" : "eventsource",
      "kind" : "remoteSourceControl",
      "location" : "https://github.com/Recouse/EventSource.git",
      "state" : {
        "revision" : "ffaa978620b19c891d107941c1b36d18836e8ecb",
        "version" : "0.0.7"
      }
    },
    {
      "identity" : "observableuserdefault",
      "kind" : "remoteSourceControl",
      "location" : "https://github.com/davidsteppenbeck/ObservableUserDefault.git",
      "state" : {
        "revision" : "eab5caf5d82cf60c18a839f47b429de47078b2a8",
        "version" : "1.2.0"
      }
    },
    {
      "identity" : "pathkit",
      "kind" : "remoteSourceControl",
      "location" : "https://github.com/kylef/PathKit.git",
      "state" : {
        "revision" : "3bfd2737b700b9a36565a8c94f4ad2b050a5e574",
        "version" : "1.0.1"
      }
    },
    {
      "identity" : "securedefaults",
      "kind" : "remoteSourceControl",
      "location" : "https://github.com/vpeschenkov/SecureDefaults",
      "state" : {
        "revision" : "3f9d5d19f7401250791840bff857ed5f6b8c8ddf",
        "version" : "1.2.2"
      }
    },
    {
      "identity" : "settingsaccess",
      "kind" : "remoteSourceControl",
      "location" : "https://github.com/orchetect/SettingsAccess",
      "state" : {
        "revision" : "0fd73c8b5892e88acb13adb7f36a4ba9293a0061",
        "version" : "1.4.0"
      }
    },
    {
      "identity" : "spectre",
      "kind" : "remoteSourceControl",
      "location" : "https://github.com/kylef/Spectre.git",
      "state" : {
        "revision" : "26cc5e9ae0947092c7139ef7ba612e34646086c7",
        "version" : "0.10.1"
      }
    },
    {
      "identity" : "swift-syntax",
      "kind" : "remoteSourceControl",
      "location" : "https://github.com/apple/swift-syntax.git",
      "state" : {
        "revision" : "64889f0c732f210a935a0ad7cda38f77f876262d",
        "version" : "509.1.1"
      }
    },
    {
      "identity" : "xcodeproj",
      "kind" : "remoteSourceControl",
      "location" : "https://github.com/tuist/XcodeProj.git",
      "state" : {
        "revision" : "75e787fb3eb5a8397c3d06d5a71e667ac2d20ac1",
        "version" : "8.19.0"
      }
    }
  ],
  "version" : 3
}
